hash: c8e1e38bcc0c6bb0e02fc347d35f81b545b4c89a09652327539dcb1a1e99b694
updated: 2017-04-22T15:15:05.902496778+09:00
imports: []
testImports:
- name: github.com/golang/protobuf
  version: 2bba0603135d7d7f5cb73b2125beeda19c09f4ef
  subpackages:
  - proto
- name: golang.org/x/net
  version: 0b588ed7a0cd59c271d128ec8c429c1c1607e8ab
  subpackages:
  - context
- name: golang.org/x/oauth2
  version: a6bd8cefa1811bd24b86f8902872e4e8225f74c4
  subpackages:
  - internal
- name: google.golang.org/appengine
  version: 170382fa85b10b94728989dfcf6cc818b335c952
  subpackages:
  - internal
  - internal/base
  - internal/datastore
  - internal/log
  - internal/remote_api
  - internal/urlfetch
  - urlfetch
