hash: 0313cae908aedc2490077aba8c47d6c02c782ff66e9433fefbae416be7dc19a9
updated: 2018-06-13T14:59:59.935038737+09:00
imports:
- name: github.com/golang/protobuf
  version: 5831880292e721c76b58a16ecc60adc27d8e6355
  subpackages:
  - proto
- name: golang.org/x/net
  version: db08ff08e8622530d9ed3a0e8ac279f6d4c02196
  subpackages:
  - context
  - context/ctxhttp
- name: golang.org/x/oauth2
  version: 1e0a3fa8ba9a5c9eb35c271780101fdaf1b205d7
  subpackages:
  - internal
- name: google.golang.org/appengine
  version: b1f26356af11148e710935ed1ac8a7f5702c7612
  subpackages:
  - internal
  - internal/base
  - internal/datastore
  - internal/log
  - internal/remote_api
  - internal/urlfetch
  - urlfetch
testImports: []
